
Microsoft Visual Studio Solution File, Format Version 12.00
# Visual Studio Version 17
VisualStudioVersion = 17.11.35327.3
MinimumVisualStudioVersion = 10.0.40219.1
Project("{FAE04EC0-301F-11D3-BF4B-00C04F79EFBC}") = "BasicProgramming", "BasicProgramming.csproj", "{126CDEFA-6663-401E-A725-43ECF309EA43}"
EndProject
Global
	GlobalSection(SolutionConfigurationPlatforms) = preSolution
		Debug|Any CPU = Debug|Any CPU
		Release|Any CPU = Release|Any CPU
	EndGlobalSection
	GlobalSection(ProjectConfigurationPlatforms) = postSolution
		{126CDEFA-6663-401E-A725-43ECF309EA43}.Debug|Any CPU.ActiveCfg = Debug|Any CPU
		{126CDEFA-6663-401E-A725-43ECF309EA43}.Debug|Any CPU.Build.0 = Debug|Any CPU
		{126CDEFA-6663-401E-A725-43ECF309EA43}.Release|Any CPU.ActiveCfg = Release|Any CPU
		{126CDEFA-6663-401E-A725-43ECF309EA43}.Release|Any CPU.Build.0 = Release|Any CPU
	EndGlobalSection
	GlobalSection(SolutionProperties) = preSolution
		HideSolutionNode = FALSE
	EndGlobalSection
	GlobalSection(ExtensibilityGlobals) = postSolution
		SolutionGuid = {53BEA012-D287-4BA7-BC55-6F025384CAC8}
	EndGlobalSection
EndGlobal
